// !$*UTF8*$!
{
	archiveVersion = 1;
	classes = {
	};
	objectVersion = 46;
	objects = {

/* Begin PBXBuildFile section */
		708A79631D54870300912980 /* AppDelegate.swift in Sources */ = {isa = PBXBuildFile; fileRef = 708A79621D54870300912980 /* AppDelegate.swift */; };
		708A79651D54870300912980 /* ViewController.swift in Sources */ = {isa = PBXBuildFile; fileRef = 708A79641D54870300912980 /* ViewController.swift */; };
		708A79681D54870300912980 /* Main.storyboard in Resources */ = {isa = PBXBuildFile; fileRef = 708A79661D54870300912980 /* Main.storyboard */; };
		708A796A1D54870300912980 /* Assets.xcassets in Resources */ = {isa = PBXBuildFile; fileRef = 708A79691D54870300912980 /* Assets.xcassets */; };
		708A796D1D54870300912980 /* LaunchScreen.storyboard in Resources */ = {isa = PBXBuildFile; fileRef = 708A796B1D54870300912980 /* LaunchScreen.storyboard */; };
		708A79751D549A3F00912980 /* VolumeButtonHandler.swift in Sources */ = {isa = PBXBuildFile; fileRef = 708A79741D549A3F00912980 /* VolumeButtonHandler.swift */; };
/* End PBXBuildFile section */

/* Begin PBXFileReference section */
		708A795F1D54870300912980 /* VolumeButtons.app */ = {isa = PBXFileReference; explicitFileType = wrapper.application; includeInIndex = 0; path = VolumeButtons.app; sourceTree = BUILT_PRODUCTS_DIR; };
		708A79621D54870300912980 /* AppDelegate.swift */ = {isa = PBXFileReference; lastKnownFileType = sourcecode.swift; path = AppDelegate.swift; sourceTree = "<group>"; };
		708A79641D54870300912980 /* ViewController.swift */ = {isa = PBXFileReference; lastKnownFileType = sourcecode.swift; path = ViewController.swift; sourceTree = "<group>"; };
		708A79671D54870300912980 /* Base */ = {isa = PBXFileReference; lastKnownFileType = file.storyboard; name = Base; path = Base.lproj/Main.storyboard; sourceTree = "<group>"; };
		708A79691D54870300912980 /* Assets.xcassets */ = {isa = PBXFileReference; lastKnownFileType = folder.assetcatalog; path = Assets.xcassets; sourceTree = "<group>"; };
		708A796C1D54870300912980 /* Base */ = {isa = PBXFileReference; lastKnownFileType = file.storyboard; name = Base; path = Base.lproj/LaunchScreen.storyboard; sourceTree = "<group>"; };
		708A796E1D54870300912980 /* Info.plist */ = {isa = PBXFileReference; lastKnownFileType = text.plist.xml; path = Info.plist; sourceTree = "<group>"; };
		708A79741D549A3F00912980 /* VolumeButtonHandler.swift */ = {isa = PBXFileReference; fileEncoding = 4; lastKnownFileType = sourcecode.swift; path = VolumeButtonHandler.swift; sourceTree = "<group>"; };
/* End PBXFileReference section */

/* Begin PBXFrameworksBuildPhase section */
		708A795C1D54870300912980 /* Frameworks */ = {
			isa = PBXFrameworksBuildPhase;
			buildActionMask = 2147483647;
			files = (
			);
			runOnlyForDeploymentPostprocessing = 0;
		};
/* End PBXFrameworksBuildPhase section */

/* Begin PBXGroup section */
		708A79561D54870300912980 = {
			isa = PBXGroup;
			children = (
				708A79611D54870300912980 /* VolumeButtons */,
				708A79601D54870300912980 /* Products */,
			);
			sourceTree = "<group>";
		};
		708A79601D54870300912980 /* Products */ = {
			isa = PBXGroup;
			children = (
				708A795F1D54870300912980 /* VolumeButtons.app */,
			);
			name = Products;
			sourceTree = "<group>";
		};
		708A79611D54870300912980 /* VolumeButtons */ = {
			isa = PBXGroup;
			children = (
				708A79621D54870300912980 /* AppDelegate.swift */,
				708A79641D54870300912980 /* ViewController.swift */,
				708A79741D549A3F00912980 /* VolumeButtonHandler.swift */,
				708A79661D54870300912980 /* Main.storyboard */,
				708A79691D54870300912980 /* Assets.xcassets */,
				708A796B1D54870300912980 /* LaunchScreen.storyboard */,
				708A796E1D54870300912980 /* Info.plist */,
			);
			path = VolumeButtons;
			sourceTree = "<group>";
		};
/* End PBXGroup section */

/* Begin PBXNativeTarget section */
		708A795E1D54870300912980 /* VolumeButtons */ = {
			isa = PBXNativeTarget;
			buildConfigurationList = 708A79711D54870300912980 /* Build configuration list for PBXNativeTarget "VolumeButtons" */;
			buildPhases = (
				708A795B1D54870300912980 /* Sources */,
				708A795C1D54870300912980 /* Frameworks */,
				708A795D1D54870300912980 /* Resources */,
			);
			buildRules = (
			);
			dependencies = (
			);
			name = VolumeButtons;
			productName = VolumeButtons;
			productReference = 708A795F1D54870300912980 /* VolumeButtons.app */;
			productType = "com.apple.product-type.application";
		};
/* End PBXNativeTarget section */

/* Begin PBXProject section */
		708A79571D54870300912980 /* Project object */ = {
			isa = PBXProject;
			attributes = {
				LastSwiftUpdateCheck = 0730;
				LastUpgradeCheck = 0800;
				ORGANIZATIONNAME = "Christian Mittendorf";
				TargetAttributes = {
					708A795E1D54870300912980 = {
						CreatedOnToolsVersion = 7.3.1;
						DevelopmentTeam = T2U84KCD4X;
						DevelopmentTeamName = "Christian Mittendorf";
						LastSwiftMigration = 0800;
					};
				};
			};
			buildConfigurationList = 708A795A1D54870300912980 /* Build configuration list for PBXProject "VolumeButtons" */;
			compatibilityVersion = "Xcode 3.2";
			developmentRegion = English;
			hasScannedForEncodings = 0;
			knownRegions = (
				en,
				Base,
			);
			mainGroup = 708A79561D54870300912980;
			productRefGroup = 708A79601D54870300912980 /* Products */;
			projectDirPath = "";
			projectRoot = "";
			targets = (
				708A795E1D54870300912980 /* VolumeButtons */,
			);
		};
/* End PBXProject section */

/* Begin PBXResourcesBuildPhase section */
		708A795D1D54870300912980 /* Resources */ = {
			isa = PBXResourcesBuildPhase;
			buildActionMask = 2147483647;
			files = (
				708A796D1D54870300912980 /* LaunchScreen.storyboard in Resources */,
				708A796A1D54870300912980 /* Assets.xcassets in Resources */,
				708A79681D54870300912980 /* Main.storyboard in Resources */,
			);
			runOnlyForDeploymentPostprocessing = 0;
		};
/* End PBXResourcesBuildPhase section */

/* Begin PBXSourcesBuildPhase section */
		708A795B1D54870300912980 /* Sources */ = {
			isa = PBXSourcesBuildPhase;
			buildActionMask = 2147483647;
			files = (
				708A79651D54870300912980 /* ViewController.swift in Sources */,
				708A79631D54870300912980 /* AppDelegate.swift in Sources */,
				708A79751D549A3F00912980 /* VolumeButtonHandler.swift in Sources */,
			);
			runOnlyForDeploymentPostprocessing = 0;
		};
/* End PBXSourcesBuildPhase section */

/* Begin PBXVariantGroup section */
		708A79661D54870300912980 /* Main.storyboard */ = {
			isa = PBXVariantGroup;
			children = (
				708A79671D54870300912980 /* Base */,
			);
			name = Main.storyboard;
			sourceTree = "<group>";
		};
		708A796B1D54870300912980 /* LaunchScreen.storyboard */ = {
			isa = PBXVariantGroup;
			children = (
				708A796C1D54870300912980 /* Base */,
			);
			name = LaunchScreen.storyboard;
			sourceTree = "<group>";
		};
/* End PBXVariantGroup section */

/* Begin XCBuildConfiguration section */
		708A796F1D54870300912980 /* Debug */ = {
			isa = XCBuildConfiguration;
			buildSettings = {
				ALWAYS_SEARCH_USER_PATHS = NO;
				CLANG_ANALYZER_NONNULL = YES;
				CLANG_CXX_LANGUAGE_STANDARD = "gnu++0x";
				CLANG_CXX_LIBRARY = "libc++";
				CLANG_ENABLE_MODULES = YES;
				CLANG_ENABLE_OBJC_ARC = YES;
				CLANG_WARN_BOOL_CONVERSION = YES;
				CLANG_WARN_CONSTANT_CONVERSION = YES;
				CLANG_WARN_DIRECT_OBJC_ISA_USAGE = YES_ERROR;
				CLANG_WARN_EMPTY_BODY = YES;
				CLANG_WARN_ENUM_CONVERSION = YES;
				CLANG_WARN_INT_CONVERSION = YES;
				CLANG_WARN_OBJC_ROOT_CLASS = YES_ERROR;
				CLANG_WARN_UNREACHABLE_CODE = YES;
				CLANG_WARN__DUPLICATE_METHOD_MATCH = YES;
				"CODE_SIGN_IDENTITY[sdk=iphoneos*]" = "iPhone Developer";
				COPY_PHASE_STRIP = NO;
				DEBUG_INFORMATION_FORMAT = dwarf;
				ENABLE_STRICT_OBJC_MSGSEND = YES;
				ENABLE_TESTABILITY = YES;
				GCC_C_LANGUAGE_STANDARD = gnu99;
				GCC_DYNAMIC_NO_PIC = NO;
				GCC_NO_COMMON_BLOCKS = YES;
				GCC_OPTIMIZATION_LEVEL = 0;
				GCC_PREPROCESSOR_DEFINITIONS = (
					"DEBUG=1",
					"$(inherited)",
				);
				GCC_WARN_64_TO_32_BIT_CONVERSION = YES;
				GCC_WARN_ABOUT_RETURN_TYPE = YES_ERROR;
				GCC_WARN_UNDECLARED_SELECTOR = YES;
				GCC_WARN_UNINITIALIZED_AUTOS = YES_AGGRESSIVE;
				GCC_WARN_UNUSED_FUNCTION = YES;
				GCC_WARN_UNUSED_VARIABLE = YES;
				IPHONEOS_DEPLOYMENT_TARGET = 9.3;
				MTL_ENABLE_DEBUG_INFO = YES;
				ONLY_ACTIVE_ARCH = YES;
				SDKROOT = iphoneos;
				SWIFT_OPTIMIZATION_LEVEL = "-Onone";
				TARGETED_DEVICE_FAMILY = "1,2";
			};
			name = Debug;
		};
		708A79701D54870300912980 /* Release */ = {
			isa = XCBuildConfiguration;
			buildSettings = {
				ALWAYS_SEARCH_USER_PATHS = NO;
				CLANG_ANALYZER_NONNULL = YES;
				CLANG_CXX_LANGUAGE_STANDARD = "gnu++0x";
				CLANG_CXX_LIBRARY = "libc++";
				CLANG_ENABLE_MODULES = YES;
				CLANG_ENABLE_OBJC_ARC = YES;
				CLANG_WARN_BOOL_CONVERSION = YES;
				CLANG_WARN_CONSTANT_CONVERSION = YES;
				CLANG_WARN_DIRECT_OBJC_ISA_USAGE = YES_ERROR;
				CLANG_WARN_EMPTY_BODY = YES;
				CLANG_WARN_ENUM_CONVERSION = YES;
				CLANG_WARN_INT_CONVERSION = YES;
				CLANG_WARN_OBJC_ROOT_CLASS = YES_ERROR;
				CLANG_WARN_UNREACHABLE_CODE = YES;
				CLANG_WARN__DUPLICATE_METHOD_MATCH = YES;
				"CODE_SIGN_IDENTITY[sdk=iphoneos*]" = "iPhone Developer";
				COPY_PHASE_STRIP = NO;
				DEBUG_INFORMATION_FORMAT = "dwarf-with-dsym";
				ENABLE_NS_ASSERTIONS = NO;
				ENABLE_STRICT_OBJC_MSGSEND = YES;
				GCC_C_LANGUAGE_STANDARD = gnu99;
				GCC_NO_COMMON_BLOCKS = YES;
				GCC_WARN_64_TO_32_BIT_CONVERSION = YES;
				GCC_WARN_ABOUT_RETURN_TYPE = YES_ERROR;
				GCC_WARN_UNDECLARED_SELECTOR = YES;
				GCC_WARN_UNINITIALIZED_AUTOS = YES_AGGRESSIVE;
				GCC_WARN_UNUSED_FUNCTION = YES;
				GCC_WARN_UNUSED_VARIABLE = YES;
				IPHONEOS_DEPLOYMENT_TARGET = 9.3;
				MTL_ENABLE_DEBUG_INFO = NO;
				SDKROOT = iphoneos;
				TARGETED_DEVICE_FAMILY = "1,2";
				VALIDATE_PRODUCT = YES;
			};
			name = Release;
		};
		708A79721D54870300912980 /* Debug */ = {
			isa = XCBuildConfiguration;
			buildSettings = {
				ASSETCATALOG_COMPILER_APPICON_NAME = AppIcon;
				CODE_SIGN_IDENTITY = "iPhone Developer";
				INFOPLIST_FILE = VolumeButtons/Info.plist;
				IPHONEOS_DEPLOYMENT_TARGET = 9.0;
				LD_RUNPATH_SEARCH_PATHS = "$(inherited) @executable_path/Frameworks";
				PRODUCT_BUNDLE_IDENTIFIER = de.cmittendorf.are51.VolumeButtons;
				PRODUCT_NAME = "$(TARGET_NAME)";
				SWIFT_VERSION = 3.0;
			};
			name = Debug;
		};
		708A79731D54870300912980 /* Release */ = {
			isa = XCBuildConfiguration;
			buildSettings = {
				ASSETCATALOG_COMPILER_APPICON_NAME = AppIcon;
				CODE_SIGN_IDENTITY = "iPhone Developer";
				INFOPLIST_FILE = VolumeButtons/Info.plist;
				IPHONEOS_DEPLOYMENT_TARGET = 9.0;
				LD_RUNPATH_SEARCH_PATHS = "$(inherited) @executable_path/Frameworks";
				PRODUCT_BUNDLE_IDENTIFIER = de.cmittendorf.are51.VolumeButtons;
				PRODUCT_NAME = "$(TARGET_NAME)";
				SWIFT_OPTIMIZATION_LEVEL = "-Owholemodule";
				SWIFT_VERSION = 3.0;
			};
			name = Release;
		};
/* End XCBuildConfiguration section */

/* Begin XCConfigurationList section */
		708A795A1D54870300912980 /* Build configuration list for PBXProject "VolumeButtons" */ = {
			isa = XCConfigurationList;
			buildConfigurations = (
				708A796F1D54870300912980 /* Debug */,
				708A79701D54870300912980 /* Release */,
			);
			defaultConfigurationIsVisible = 0;
			defaultConfigurationName = Release;
		};
		708A79711D54870300912980 /* Build configuration list for PBXNativeTarget "VolumeButtons" */ = {
			isa = XCConfigurationList;
			buildConfigurations = (
				708A79721D54870300912980 /* Debug */,
				708A79731D54870300912980 /* Release */,
			);
			defaultConfigurationIsVisible = 0;
			defaultConfigurationName = Release;
		};
/* End XCConfigurationList section */
	};
	rootObject = 708A79571D54870300912980 /* Project object */;
}
